
Microsoft Visual Studio Solution File, Format Version 12.00
# Visual Studio Version 17
VisualStudioVersion = 17.13.35919.96
MinimumVisualStudioVersion = 10.0.40219.1
Project("{8BC9CEB8-8B4A-11D0-8D11-00A0C91BC942}") = "GameProgramming4", "GameProgramming4\GameProgramming4.vcxproj", "{86AE8FFC-0E78-4F8B-A98A-8C6A39627619}"
EndProject
Project("{8BC9CEB8-8B4A-11D0-8D11-00A0C91BC942}") = "Ch1_Generic Programming", "Ch1_Generic Programming\Ch1_Generic Programming.vcxproj", "{E77629D1-EE50-4F55-A48D-8C2F33545E78}"
EndProject
Project("{8BC9CEB8-8B4A-11D0-8D11-00A0C91BC942}") = "Ch2_ConsoleGame_GenericExample", "Ch2_ConsoleGame_GenericExample\Ch2_ConsoleGame_GenericExample.vcxproj", "{7485BA7D-2080-43B6-A8BB-B1FAA5C87FAF}"
EndProject
Project("{8BC9CEB8-8B4A-11D0-8D11-00A0C91BC942}") = "UtilityProject", "UtilityProject\UtilityProject.vcxproj", "{C0B33B1E-12F8-4929-A0C4-4D51B03EB8A1}"
EndProject
Project("{8BC9CEB8-8B4A-11D0-8D11-00A0C91BC942}") = "Ch3_Vector", "Ch3_Vector\Ch3_Vector.vcxproj", "{002A0F78-CE24-4FCC-8B02-46E12670C0D1}"
EndProject
Project("{8BC9CEB8-8B4A-11D0-8D11-00A0C91BC942}") = "Ch4_MyVector", "Ch4_MyVector\Ch4_MyVector.vcxproj", "{467E63F3-1120-4CA3-B00B-A002540A263E}"
EndProject
Project("{8BC9CEB8-8B4A-11D0-8D11-00A0C91BC942}") = "Ch5_STL", "Ch5_STL\Ch5_STL.vcxproj", "{160C7CC4-BAAA-4793-A7F6-1C87B49B9BB2}"
EndProject
Project("{8BC9CEB8-8B4A-11D0-8D11-00A0C91BC942}") = "Ch6_TownRPG", "Ch6_TownRPG\Ch6_TownRPG.vcxproj", "{24013046-AC46-4843-9DED-A230FA776CF1}"
EndProject
Project("{8BC9CEB8-8B4A-11D0-8D11-00A0C91BC942}") = "Ch7_DataLoadAndSave", "Ch7_DataLoadAndSave\Ch7_DataLoadAndSave.vcxproj", "{70D0FD7E-FD26-41A6-9934-8B229EB348ED}"
EndProject
Project("{8BC9CEB8-8B4A-11D0-8D11-00A0C91BC942}") = "Ch8_enum Vector", "Ch8_enum Vector\Ch8_enum Vector.vcxproj", "{EDE840BF-D7B1-42C1-AA48-547D222B2B2D}"
EndProject
Project("{8BC9CEB8-8B4A-11D0-8D11-00A0C91BC942}") = "Ch9_Sequence Container", "Ch9_Sequence Container\Ch9_Sequence Container.vcxproj", "{BAB087A4-A0D1-4807-B621-9052A8E173D8}"
EndProject
Global
	GlobalSection(SolutionConfigurationPlatforms) = preSolution
		Debug|x64 = Debug|x64
		Debug|x86 = Debug|x86
		Release|x64 = Release|x64
		Release|x86 = Release|x86
	EndGlobalSection
	GlobalSection(ProjectConfigurationPlatforms) = postSolution
		{86AE8FFC-0E78-4F8B-A98A-8C6A39627619}.Debug|x64.ActiveCfg = Debug|x64
		{86AE8FFC-0E78-4F8B-A98A-8C6A39627619}.Debug|x64.Build.0 = Debug|x64
		{86AE8FFC-0E78-4F8B-A98A-8C6A39627619}.Debug|x86.ActiveCfg = Debug|Win32
		{86AE8FFC-0E78-4F8B-A98A-8C6A39627619}.Debug|x86.Build.0 = Debug|Win32
		{86AE8FFC-0E78-4F8B-A98A-8C6A39627619}.Release|x64.ActiveCfg = Release|x64
		{86AE8FFC-0E78-4F8B-A98A-8C6A39627619}.Release|x64.Build.0 = Release|x64
		{86AE8FFC-0E78-4F8B-A98A-8C6A39627619}.Release|x86.ActiveCfg = Release|Win32
		{86AE8FFC-0E78-4F8B-A98A-8C6A39627619}.Release|x86.Build.0 = Release|Win32
		{E77629D1-EE50-4F55-A48D-8C2F33545E78}.Debug|x64.ActiveCfg = Debug|x64
		{E77629D1-EE50-4F55-A48D-8C2F33545E78}.Debug|x64.Build.0 = Debug|x64
		{E77629D1-EE50-4F55-A48D-8C2F33545E78}.Debug|x86.ActiveCfg = Debug|Win32
		{E77629D1-EE50-4F55-A48D-8C2F33545E78}.Debug|x86.Build.0 = Debug|Win32
		{E77629D1-EE50-4F55-A48D-8C2F33545E78}.Release|x64.ActiveCfg = Release|x64
		{E77629D1-EE50-4F55-A48D-8C2F33545E78}.Release|x64.Build.0 = Release|x64
		{E77629D1-EE50-4F55-A48D-8C2F33545E78}.Release|x86.ActiveCfg = Release|Win32
		{E77629D1-EE50-4F55-A48D-8C2F33545E78}.Release|x86.Build.0 = Release|Win32
		{7485BA7D-2080-43B6-A8BB-B1FAA5C87FAF}.Debug|x64.ActiveCfg = Debug|x64
		{7485BA7D-2080-43B6-A8BB-B1FAA5C87FAF}.Debug|x64.Build.0 = Debug|x64
		{7485BA7D-2080-43B6-A8BB-B1FAA5C87FAF}.Debug|x86.ActiveCfg = Debug|Win32
		{7485BA7D-2080-43B6-A8BB-B1FAA5C87FAF}.Debug|x86.Build.0 = Debug|Win32
		{7485BA7D-2080-43B6-A8BB-B1FAA5C87FAF}.Release|x64.ActiveCfg = Release|x64
		{7485BA7D-2080-43B6-A8BB-B1FAA5C87FAF}.Release|x64.Build.0 = Release|x64
		{7485BA7D-2080-43B6-A8BB-B1FAA5C87FAF}.Release|x86.ActiveCfg = Release|Win32
		{7485BA7D-2080-43B6-A8BB-B1FAA5C87FAF}.Release|x86.Build.0 = Release|Win32
		{C0B33B1E-12F8-4929-A0C4-4D51B03EB8A1}.Debug|x64.ActiveCfg = Debug|x64
		{C0B33B1E-12F8-4929-A0C4-4D51B03EB8A1}.Debug|x64.Build.0 = Debug|x64
		{C0B33B1E-12F8-4929-A0C4-4D51B03EB8A1}.Debug|x86.ActiveCfg = Debug|Win32
		{C0B33B1E-12F8-4929-A0C4-4D51B03EB8A1}.Debug|x86.Build.0 = Debug|Win32
		{C0B33B1E-12F8-4929-A0C4-4D51B03EB8A1}.Release|x64.ActiveCfg = Release|x64
		{C0B33B1E-12F8-4929-A0C4-4D51B03EB8A1}.Release|x64.Build.0 = Release|x64
		{C0B33B1E-12F8-4929-A0C4-4D51B03EB8A1}.Release|x86.ActiveCfg = Release|Win32
		{C0B33B1E-12F8-4929-A0C4-4D51B03EB8A1}.Release|x86.Build.0 = Release|Win32
		{002A0F78-CE24-4FCC-8B02-46E12670C0D1}.Debug|x64.ActiveCfg = Debug|x64
		{002A0F78-CE24-4FCC-8B02-46E12670C0D1}.Debug|x64.Build.0 = Debug|x64
		{002A0F78-CE24-4FCC-8B02-46E12670C0D1}.Debug|x86.ActiveCfg = Debug|Win32
		{002A0F78-CE24-4FCC-8B02-46E12670C0D1}.Debug|x86.Build.0 = Debug|Win32
		{002A0F78-CE24-4FCC-8B02-46E12670C0D1}.Release|x64.ActiveCfg = Release|x64
		{002A0F78-CE24-4FCC-8B02-46E12670C0D1}.Release|x64.Build.0 = Release|x64
		{002A0F78-CE24-4FCC-8B02-46E12670C0D1}.Release|x86.ActiveCfg = Release|Win32
		{002A0F78-CE24-4FCC-8B02-46E12670C0D1}.Release|x86.Build.0 = Release|Win32
		{467E63F3-1120-4CA3-B00B-A002540A263E}.Debug|x64.ActiveCfg = Debug|x64
		{467E63F3-1120-4CA3-B00B-A002540A263E}.Debug|x64.Build.0 = Debug|x64
		{467E63F3-1120-4CA3-B00B-A002540A263E}.Debug|x86.ActiveCfg = Debug|Win32
		{467E63F3-1120-4CA3-B00B-A002540A263E}.Debug|x86.Build.0 = Debug|Win32
		{467E63F3-1120-4CA3-B00B-A002540A263E}.Release|x64.ActiveCfg = Release|x64
		{467E63F3-1120-4CA3-B00B-A002540A263E}.Release|x64.Build.0 = Release|x64
		{467E63F3-1120-4CA3-B00B-A002540A263E}.Release|x86.ActiveCfg = Release|Win32
		{467E63F3-1120-4CA3-B00B-A002540A263E}.Release|x86.Build.0 = Release|Win32
		{160C7CC4-BAAA-4793-A7F6-1C87B49B9BB2}.Debug|x64.ActiveCfg = Debug|x64
		{160C7CC4-BAAA-4793-A7F6-1C87B49B9BB2}.Debug|x64.Build.0 = Debug|x64
		{160C7CC4-BAAA-4793-A7F6-1C87B49B9BB2}.Debug|x86.ActiveCfg = Debug|Win32
		{160C7CC4-BAAA-4793-A7F6-1C87B49B9BB2}.Debug|x86.Build.0 = Debug|Win32
		{160C7CC4-BAAA-4793-A7F6-1C87B49B9BB2}.Release|x64.ActiveCfg = Release|x64
		{160C7CC4-BAAA-4793-A7F6-1C87B49B9BB2}.Release|x64.Build.0 = Release|x64
		{160C7CC4-BAAA-4793-A7F6-1C87B49B9BB2}.Release|x86.ActiveCfg = Release|Win32
		{160C7CC4-BAAA-4793-A7F6-1C87B49B9BB2}.Release|x86.Build.0 = Release|Win32
		{24013046-AC46-4843-9DED-A230FA776CF1}.Debug|x64.ActiveCfg = Debug|x64
		{24013046-AC46-4843-9DED-A230FA776CF1}.Debug|x64.Build.0 = Debug|x64
		{24013046-AC46-4843-9DED-A230FA776CF1}.Debug|x86.ActiveCfg = Debug|Win32
		{24013046-AC46-4843-9DED-A230FA776CF1}.Debug|x86.Build.0 = Debug|Win32
		{24013046-AC46-4843-9DED-A230FA776CF1}.Release|x64.ActiveCfg = Release|x64
		{24013046-AC46-4843-9DED-A230FA776CF1}.Release|x64.Build.0 = Release|x64
		{24013046-AC46-4843-9DED-A230FA776CF1}.Release|x86.ActiveCfg = Release|Win32
		{24013046-AC46-4843-9DED-A230FA776CF1}.Release|x86.Build.0 = Release|Win32
		{70D0FD7E-FD26-41A6-9934-8B229EB348ED}.Debug|x64.ActiveCfg = Debug|x64
		{70D0FD7E-FD26-41A6-9934-8B229EB348ED}.Debug|x64.Build.0 = Debug|x64
		{70D0FD7E-FD26-41A6-9934-8B229EB348ED}.Debug|x86.ActiveCfg = Debug|Win32
		{70D0FD7E-FD26-41A6-9934-8B229EB348ED}.Debug|x86.Build.0 = Debug|Win32
		{70D0FD7E-FD26-41A6-9934-8B229EB348ED}.Release|x64.ActiveCfg = Release|x64
		{70D0FD7E-FD26-41A6-9934-8B229EB348ED}.Release|x64.Build.0 = Release|x64
		{70D0FD7E-FD26-41A6-9934-8B229EB348ED}.Release|x86.ActiveCfg = Release|Win32
		{70D0FD7E-FD26-41A6-9934-8B229EB348ED}.Release|x86.Build.0 = Release|Win32
		{EDE840BF-D7B1-42C1-AA48-547D222B2B2D}.Debug|x64.ActiveCfg = Debug|x64
		{EDE840BF-D7B1-42C1-AA48-547D222B2B2D}.Debug|x64.Build.0 = Debug|x64
		{EDE840BF-D7B1-42C1-AA48-547D222B2B2D}.Debug|x86.ActiveCfg = Debug|Win32
		{EDE840BF-D7B1-42C1-AA48-547D222B2B2D}.Debug|x86.Build.0 = Debug|Win32
		{EDE840BF-D7B1-42C1-AA48-547D222B2B2D}.Release|x64.ActiveCfg = Release|x64
		{EDE840BF-D7B1-42C1-AA48-547D222B2B2D}.Release|x64.Build.0 = Release|x64
		{EDE840BF-D7B1-42C1-AA48-547D222B2B2D}.Release|x86.ActiveCfg = Release|Win32
		{EDE840BF-D7B1-42C1-AA48-547D222B2B2D}.Release|x86.Build.0 = Release|Win32
		{BAB087A4-A0D1-4807-B621-9052A8E173D8}.Debug|x64.ActiveCfg = Debug|x64
		{BAB087A4-A0D1-4807-B621-9052A8E173D8}.Debug|x64.Build.0 = Debug|x64
		{BAB087A4-A0D1-4807-B621-9052A8E173D8}.Debug|x86.ActiveCfg = Debug|Win32
		{BAB087A4-A0D1-4807-B621-9052A8E173D8}.Debug|x86.Build.0 = Debug|Win32
		{BAB087A4-A0D1-4807-B621-9052A8E173D8}.Release|x64.ActiveCfg = Release|x64
		{BAB087A4-A0D1-4807-B621-9052A8E173D8}.Release|x64.Build.0 = Release|x64
		{BAB087A4-A0D1-4807-B621-9052A8E173D8}.Release|x86.ActiveCfg = Release|Win32
		{BAB087A4-A0D1-4807-B621-9052A8E173D8}.Release|x86.Build.0 = Release|Win32
	EndGlobalSection
	GlobalSection(SolutionProperties) = preSolution
		HideSolutionNode = FALSE
	EndGlobalSection
	GlobalSection(ExtensibilityGlobals) = postSolution
		SolutionGuid = {78449765-C881-440D-90CF-94D836AC6143}
	EndGlobalSection
EndGlobal
